
Microsoft Visual Studio Solution File, Format Version 12.00
# Visual Studio Version 17
VisualStudioVersion = 17.13.35931.197 d17.13
MinimumVisualStudioVersion = 10.0.40219.1
Project("{FAE04EC0-301F-11D3-BF4B-00C04F79EFBC}") = "Devalaya.Explorer.Web", "Devalaya.Explorer.Web\Devalaya.Explorer.Web.csproj", "{E699A3FC-208D-4779-A211-916DC72D268B}"
EndProject
Global
	GlobalSection(SolutionConfigurationPlatforms) = preSolution
		Debug|Any CPU = Debug|Any CPU
		Release|Any CPU = Release|Any CPU
	EndGlobalSection
	GlobalSection(ProjectConfigurationPlatforms) = postSolution
		{E699A3FC-208D-4779-A211-916DC72D268B}.Debug|Any CPU.ActiveCfg = Debug|Any CPU
		{E699A3FC-208D-4779-A211-916DC72D268B}.Debug|Any CPU.Build.0 = Debug|Any CPU
		{E699A3FC-208D-4779-A211-916DC72D268B}.Release|Any CPU.ActiveCfg = Release|Any CPU
		{E699A3FC-208D-4779-A211-916DC72D268B}.Release|Any CPU.Build.0 = Release|Any CPU
	EndGlobalSection
	GlobalSection(SolutionProperties) = preSolution
		HideSolutionNode = FALSE
	EndGlobalSection
	GlobalSection(ExtensibilityGlobals) = postSolution
		SolutionGuid = {B9645DAD-1120-4335-AFB1-F7C88125B69B}
	EndGlobalSection
EndGlobal
